
Microsoft Visual Studio Solution File, Format Version 12.00
# Visual Studio Version 16
VisualStudioVersion = 16.0.32228.343
MinimumVisualStudioVersion = 10.0.40219.1
Project("{FAE04EC0-301F-11D3-BF4B-00C04F79EFBC}") = "hw3q1", "hw3q1\hw3q1.csproj", "{410C4136-CBEC-41C8-A4DA-DDAE0BD79075}"
EndProject
Global
	GlobalSection(SolutionConfigurationPlatforms) = preSolution
		Debug|Any CPU = Debug|Any CPU
		Release|Any CPU = Release|Any CPU
	EndGlobalSection
	GlobalSection(ProjectConfigurationPlatforms) = postSolution
		{410C4136-CBEC-41C8-A4DA-DDAE0BD79075}.Debug|Any CPU.ActiveCfg = Debug|Any CPU
		{410C4136-CBEC-41C8-A4DA-DDAE0BD79075}.Debug|Any CPU.Build.0 = Debug|Any CPU
		{410C4136-CBEC-41C8-A4DA-DDAE0BD79075}.Release|Any CPU.ActiveCfg = Release|Any CPU
		{410C4136-CBEC-41C8-A4DA-DDAE0BD79075}.Release|Any CPU.Build.0 = Release|Any CPU
	EndGlobalSection
	GlobalSection(SolutionProperties) = preSolution
		HideSolutionNode = FALSE
	EndGlobalSection
	GlobalSection(ExtensibilityGlobals) = postSolution
		SolutionGuid = {C88F88A9-A31E-4E31-90E3-8B77964A97B0}
	EndGlobalSection
EndGlobal
